PODS:
  - FlutterMacOS (1.0.0)
  - mobile_scanner (7.0.0):
    - Flutter
    - FlutterMacOS
  - nodedb_flutter_libs (0.0.1)

DEPENDENCIES:
  - FlutterMacOS (from `Flutter/ephemeral`)
  - mobile_scanner (from `Flutter/ephemeral/.symlinks/plugins/mobile_scanner/darwin`)
  - nodedb_flutter_libs (from `Flutter/ephemeral/.symlinks/plugins/nodedb_flutter_libs/macos`)

EXTERNAL SOURCES:
  FlutterMacOS:
    :path: Flutter/ephemeral
  mobile_scanner:
    :path: Flutter/ephemeral/.symlinks/plugins/mobile_scanner/darwin
  nodedb_flutter_libs:
    :path: Flutter/ephemeral/.symlinks/plugins/nodedb_flutter_libs/macos

SPEC CHECKSUMS:
  FlutterMacOS: d0db08ddef1a9af05a5ec4b724367152bb0500b1
  mobile_scanner: 9157936403f5a0644ca3779a38ff8404c5434a93
  nodedb_flutter_libs: 89232f83f75747e9e4eccbf7f0e9c2f299cfddeb

PODFILE CHECKSUM: 54d867c82ac51cbd61b565781b9fada492027009

COCOAPODS: 1.16.2
